
Microsoft Visual Studio Solution File, Format Version 12.00
# Visual Studio Version 17
VisualStudioVersion = 17.2.32630.192
MinimumVisualStudioVersion = 10.0.40219.1
Project("{9A19103F-16F7-4668-BE54-9A1E7A4F7556}") = "DarceiAvot", "DarceiAvot\DarceiAvot.csproj", "{5F76ED79-5FE7-4669-9083-93C2E5F2C53D}"
EndProject
Project("{9A19103F-16F7-4668-BE54-9A1E7A4F7556}") = "BusinessLogic", "BusinessLogic\BusinessLogic.csproj", "{4151CF1A-626E-4964-A59C-1833171A5D64}"
EndProject
Project("{9A19103F-16F7-4668-BE54-9A1E7A4F7556}") = "DataAccess", "DataAccess\DataAccess.csproj", "{35086D9F-A9D4-46A6-A193-F827628B07D6}"
EndProject
Global
	GlobalSection(SolutionConfigurationPlatforms) = preSolution
		Debug|Any CPU = Debug|Any CPU
		Release|Any CPU = Release|Any CPU
	EndGlobalSection
	GlobalSection(ProjectConfigurationPlatforms) = postSolution
		{5F76ED79-5FE7-4669-9083-93C2E5F2C53D}.Debug|Any CPU.ActiveCfg = Debug|Any CPU
		{5F76ED79-5FE7-4669-9083-93C2E5F2C53D}.Debug|Any CPU.Build.0 = Debug|Any CPU
		{5F76ED79-5FE7-4669-9083-93C2E5F2C53D}.Release|Any CPU.ActiveCfg = Release|Any CPU
		{5F76ED79-5FE7-4669-9083-93C2E5F2C53D}.Release|Any CPU.Build.0 = Release|Any CPU
		{4151CF1A-626E-4964-A59C-1833171A5D64}.Debug|Any CPU.ActiveCfg = Debug|Any CPU
		{4151CF1A-626E-4964-A59C-1833171A5D64}.Debug|Any CPU.Build.0 = Debug|Any CPU
		{4151CF1A-626E-4964-A59C-1833171A5D64}.Release|Any CPU.ActiveCfg = Release|Any CPU
		{4151CF1A-626E-4964-A59C-1833171A5D64}.Release|Any CPU.Build.0 = Release|Any CPU
		{35086D9F-A9D4-46A6-A193-F827628B07D6}.Debug|Any CPU.ActiveCfg = Debug|Any CPU
		{35086D9F-A9D4-46A6-A193-F827628B07D6}.Debug|Any CPU.Build.0 = Debug|Any CPU
		{35086D9F-A9D4-46A6-A193-F827628B07D6}.Release|Any CPU.ActiveCfg = Release|Any CPU
		{35086D9F-A9D4-46A6-A193-F827628B07D6}.Release|Any CPU.Build.0 = Release|Any CPU
	EndGlobalSection
	GlobalSection(SolutionProperties) = preSolution
		HideSolutionNode = FALSE
	EndGlobalSection
	GlobalSection(ExtensibilityGlobals) = postSolution
		SolutionGuid = {5F1DE13F-AB91-4616-9D3A-AA087045AACC}
	EndGlobalSection
EndGlobal
